// !$*UTF8*$!
{
	archiveVersion = 1;
	classes = {
	};
	objectVersion = 46;
	objects = {

/* Begin PBXBuildFile section */
		F9A430301A8DB71B00C21680 /* AppDelegate.swift in Sources */ = {isa = PBXBuildFile; fileRef = F9A4302F1A8DB71B00C21680 /* AppDelegate.swift */; };
		F9A430331A8DB71B00C21680 /* test.xcdatamodeld in Sources */ = {isa = PBXBuildFile; fileRef = F9A430311A8DB71B00C21680 /* test.xcdatamodeld */; };
		F9A430351A8DB71B00C21680 /* ViewController.swift in Sources */ = {isa = PBXBuildFile; fileRef = F9A430341A8DB71B00C21680 /* ViewController.swift */; };
		F9A430381A8DB71B00C21680 /* Main.storyboard in Resources */ = {isa = PBXBuildFile; fileRef = F9A430361A8DB71B00C21680 /* Main.storyboard */; };
		F9A4303A1A8DB71B00C21680 /* Images.xcassets in Resources */ = {isa = PBXBuildFile; fileRef = F9A430391A8DB71B00C21680 /* Images.xcassets */; };
		F9A4303D1A8DB71B00C21680 /* LaunchScreen.xib in Resources */ = {isa = PBXBuildFile; fileRef = F9A4303B1A8DB71B00C21680 /* LaunchScreen.xib */; };
		F9A430491A8DB71B00C21680 /* testTests.swift in Sources */ = {isa = PBXBuildFile; fileRef = F9A430481A8DB71B00C21680 /* testTests.swift */; };
/* End PBXBuildFile section */

/* Begin PBXContainerItemProxy section */
		F9A430431A8DB71B00C21680 /* PBXContainerItemProxy */ = {
			isa = PBXContainerItemProxy;
			containerPortal = F9A430221A8DB71B00C21680 /* Project object */;
			proxyType = 1;
			remoteGlobalIDString = F9A430291A8DB71B00C21680;
			remoteInfo = test;
		};
		F9A430571A8DBEB100C21680 /* PBXContainerItemProxy */ = {
			isa = PBXContainerItemProxy;
			containerPortal = F9A430521A8DBEB100C21680 /* Alamofire.xcodeproj */;
			proxyType = 2;
			remoteGlobalIDString = 27AB60071A7FAFBF0069F786;
			remoteInfo = Alamofire;
		};
		F9A430591A8DBEB100C21680 /* PBXContainerItemProxy */ = {
			isa = PBXContainerItemProxy;
			containerPortal = F9A430521A8DBEB100C21680 /* Alamofire.xcodeproj */;
			proxyType = 2;
			remoteGlobalIDString = 27AB60121A7FAFBF0069F786;
			remoteInfo = AlamofireTests;
		};
		F9A4305B1A8DBEB700C21680 /* PBXContainerItemProxy */ = {
			isa = PBXContainerItemProxy;
			containerPortal = F9A430521A8DBEB100C21680 /* Alamofire.xcodeproj */;
			proxyType = 1;
			remoteGlobalIDString = 27AB60061A7FAFBF0069F786;
			remoteInfo = Alamofire;
		};
		F9A430641A8DC11200C21680 /* PBXContainerItemProxy */ = {
			isa = PBXContainerItemProxy;
			containerPortal = F9A4305D1A8DC11100C21680 /* SwiftyJSON.xcodeproj */;
			proxyType = 2;
			remoteGlobalIDString = 2E4FEFDB19575BE100351305;
			remoteInfo = "SwiftyJSON iOS";
		};
		F9A430661A8DC11200C21680 /* PBXContainerItemProxy */ = {
			isa = PBXContainerItemProxy;
			containerPortal = F9A4305D1A8DC11100C21680 /* SwiftyJSON.xcodeproj */;
			proxyType = 2;
			remoteGlobalIDString = 2E4FEFE619575BE100351305;
			remoteInfo = SwiftyJSONTests;
		};
		F9A430681A8DC11200C21680 /* PBXContainerItemProxy */ = {
			isa = PBXContainerItemProxy;
			containerPortal = F9A4305D1A8DC11100C21680 /* SwiftyJSON.xcodeproj */;
			proxyType = 2;
			remoteGlobalIDString = 030B6CC31A6E16E800C2D4F1;
			remoteInfo = "SwiftyJSON OSX";
		};
		F9A4306A1A8DC11200C21680 /* PBXContainerItemProxy */ = {
			isa = PBXContainerItemProxy;
			containerPortal = F9A4305D1A8DC11100C21680 /* SwiftyJSON.xcodeproj */;
			proxyType = 2;
			remoteGlobalIDString = 030B6CCD1A6E16E900C2D4F1;
			remoteInfo = "SwiftyJSON OSXTests";
		};
		F9A4306C1A8DC11D00C21680 /* PBXContainerItemProxy */ = {
			isa = PBXContainerItemProxy;
			containerPortal = F9A4305D1A8DC11100C21680 /* SwiftyJSON.xcodeproj */;
			proxyType = 1;
			remoteGlobalIDString = 2E4FEFDA19575BE100351305;
			remoteInfo = "SwiftyJSON iOS";
		};
/* End PBXContainerItemProxy section */

/* Begin PBXFileReference section */
		F9A4302A1A8DB71B00C21680 /* test.app */ = {isa = PBXFileReference; explicitFileType = wrapper.application; includeInIndex = 0; path = test.app; sourceTree = BUILT_PRODUCTS_DIR; };
		F9A4302E1A8DB71B00C21680 /* Info.plist */ = {isa = PBXFileReference; lastKnownFileType = text.plist.xml; path = Info.plist; sourceTree = "<group>"; };
		F9A4302F1A8DB71B00C21680 /* AppDelegate.swift */ = {isa = PBXFileReference; lastKnownFileType = sourcecode.swift; path = AppDelegate.swift; sourceTree = "<group>"; };
		F9A430321A8DB71B00C21680 /* test.xcdatamodel */ = {isa = PBXFileReference; lastKnownFileType = wrapper.xcdatamodel; path = test.xcdatamodel; sourceTree = "<group>"; };
		F9A430341A8DB71B00C21680 /* ViewController.swift */ = {isa = PBXFileReference; lastKnownFileType = sourcecode.swift; path = ViewController.swift; sourceTree = "<group>"; };
		F9A430371A8DB71B00C21680 /* Base */ = {isa = PBXFileReference; lastKnownFileType = file.storyboard; name = Base; path = Base.lproj/Main.storyboard; sourceTree = "<group>"; };
		F9A430391A8DB71B00C21680 /* Images.xcassets */ = {isa = PBXFileReference; lastKnownFileType = folder.assetcatalog; path = Images.xcassets; sourceTree = "<group>"; };
		F9A4303C1A8DB71B00C21680 /* Base */ = {isa = PBXFileReference; lastKnownFileType = file.xib; name = Base; path = Base.lproj/LaunchScreen.xib; sourceTree = "<group>"; };
		F9A430421A8DB71B00C21680 /* testTests.xctest */ = {isa = PBXFileReference; explicitFileType = wrapper.cfbundle; includeInIndex = 0; path = testTests.xctest; sourceTree = BUILT_PRODUCTS_DIR; };
		F9A430471A8DB71B00C21680 /* Info.plist */ = {isa = PBXFileReference; lastKnownFileType = text.plist.xml; path = Info.plist; sourceTree = "<group>"; };
		F9A430481A8DB71B00C21680 /* testTests.swift */ = {isa = PBXFileReference; lastKnownFileType = sourcecode.swift; path = testTests.swift; sourceTree = "<group>"; };
		F9A430521A8DBEB100C21680 /* Alamofire.xcodeproj */ = {isa = PBXFileReference; lastKnownFileType = "wrapper.pb-project"; name = Alamofire.xcodeproj; path = Alamofire/Alamofire.xcodeproj; sourceTree = "<group>"; };
		F9A4305D1A8DC11100C21680 /* SwiftyJSON.xcodeproj */ = {isa = PBXFileReference; lastKnownFileType = "wrapper.pb-project"; name = SwiftyJSON.xcodeproj; path = SwiftyJSON/SwiftyJSON.xcodeproj; sourceTree = "<group>"; };
/* End PBXFileReference section */

/* Begin PBXFrameworksBuildPhase section */
		F9A430271A8DB71B00C21680 /* Frameworks */ = {
			isa = PBXFrameworksBuildPhase;
			buildActionMask = 2147483647;
			files = (
			);
			runOnlyForDeploymentPostprocessing = 0;
		};
		F9A4303F1A8DB71B00C21680 /* Frameworks */ = {
			isa = PBXFrameworksBuildPhase;
			buildActionMask = 2147483647;
			files = (
			);
			runOnlyForDeploymentPostprocessing = 0;
		};
/* End PBXFrameworksBuildPhase section */

/* Begin PBXGroup section */
		F9A430211A8DB71B00C21680 = {
			isa = PBXGroup;
			children = (
				F9A4305D1A8DC11100C21680 /* SwiftyJSON.xcodeproj */,
				F9A430521A8DBEB100C21680 /* Alamofire.xcodeproj */,
				F9A4302C1A8DB71B00C21680 /* test */,
				F9A430451A8DB71B00C21680 /* testTests */,
				F9A4302B1A8DB71B00C21680 /* Products */,
			);
			sourceTree = "<group>";
		};
		F9A4302B1A8DB71B00C21680 /* Products */ = {
			isa = PBXGroup;
			children = (
				F9A4302A1A8DB71B00C21680 /* test.app */,
				F9A430421A8DB71B00C21680 /* testTests.xctest */,
			);
			name = Products;
			sourceTree = "<group>";
		};
		F9A4302C1A8DB71B00C21680 /* test */ = {
			isa = PBXGroup;
			children = (
				F9A4302F1A8DB71B00C21680 /* AppDelegate.swift */,
				F9A430341A8DB71B00C21680 /* ViewController.swift */,
				F9A430361A8DB71B00C21680 /* Main.storyboard */,
				F9A430391A8DB71B00C21680 /* Images.xcassets */,
				F9A4303B1A8DB71B00C21680 /* LaunchScreen.xib */,
				F9A430311A8DB71B00C21680 /* test.xcdatamodeld */,
				F9A4302D1A8DB71B00C21680 /* Supporting Files */,
			);
			path = test;
			sourceTree = "<group>";
		};
		F9A4302D1A8DB71B00C21680 /* Supporting Files */ = {
			isa = PBXGroup;
			children = (
				F9A4302E1A8DB71B00C21680 /* Info.plist */,
			);
			name = "Supporting Files";
			sourceTree = "<group>";
		};
		F9A430451A8DB71B00C21680 /* testTests */ = {
			isa = PBXGroup;
			children = (
				F9A430481A8DB71B00C21680 /* testTests.swift */,
				F9A430461A8DB71B00C21680 /* Supporting Files */,
			);
			path = testTests;
			sourceTree = "<group>";
		};
		F9A430461A8DB71B00C21680 /* Supporting Files */ = {
			isa = PBXGroup;
			children = (
				F9A430471A8DB71B00C21680 /* Info.plist */,
			);
			name = "Supporting Files";
			sourceTree = "<group>";
		};
		F9A430531A8DBEB100C21680 /* Products */ = {
			isa = PBXGroup;
			children = (
				F9A430581A8DBEB100C21680 /* Alamofire.framework */,
				F9A4305A1A8DBEB100C21680 /* AlamofireTests.xctest */,
			);
			name = Products;
			sourceTree = "<group>";
		};
		F9A4305E1A8DC11100C21680 /* Products */ = {
			isa = PBXGroup;
			children = (
				F9A430651A8DC11200C21680 /* SwiftyJSON.framework */,
				F9A430671A8DC11200C21680 /* SwiftyJSONTests.xctest */,
				F9A430691A8DC11200C21680 /* SwiftyJSON.framework */,
				F9A4306B1A8DC11200C21680 /* SwiftyJSON OSXTests.xctest */,
			);
			name = Products;
			sourceTree = "<group>";
		};
/* End PBXGroup section */

/* Begin PBXNativeTarget section */
		F9A430291A8DB71B00C21680 /* test */ = {
			isa = PBXNativeTarget;
			buildConfigurationList = F9A4304C1A8DB71B00C21680 /* Build configuration list for PBXNativeTarget "test" */;
			buildPhases = (
				F9A430261A8DB71B00C21680 /* Sources */,
				F9A430271A8DB71B00C21680 /* Frameworks */,
				F9A430281A8DB71B00C21680 /* Resources */,
			);
			buildRules = (
			);
			dependencies = (
				F9A4306D1A8DC11D00C21680 /* PBXTargetDependency */,
				F9A4305C1A8DBEB700C21680 /* PBXTargetDependency */,
			);
			name = test;
			productName = test;
			productReference = F9A4302A1A8DB71B00C21680 /* test.app */;
			productType = "com.apple.product-type.application";
		};
		F9A430411A8DB71B00C21680 /* testTests */ = {
			isa = PBXNativeTarget;
			buildConfigurationList = F9A4304F1A8DB71B00C21680 /* Build configuration list for PBXNativeTarget "testTests" */;
			buildPhases = (
				F9A4303E1A8DB71B00C21680 /* Sources */,
				F9A4303F1A8DB71B00C21680 /* Frameworks */,
				F9A430401A8DB71B00C21680 /* Resources */,
			);
			buildRules = (
			);
			dependencies = (
				F9A430441A8DB71B00C21680 /* PBXTargetDependency */,
			);
			name = testTests;
			productName = testTests;
			productReference = F9A430421A8DB71B00C21680 /* testTests.xctest */;
			productType = "com.apple.product-type.bundle.unit-test";
		};
/* End PBXNativeTarget section */

/* Begin PBXProject section */
		F9A430221A8DB71B00C21680 /* Project object */ = {
			isa = PBXProject;
			attributes = {
				LastUpgradeCheck = 0610;
				ORGANIZATIONNAME = andyhu;
				TargetAttributes = {
					F9A430291A8DB71B00C21680 = {
						CreatedOnToolsVersion = 6.1;
					};
					F9A430411A8DB71B00C21680 = {
						CreatedOnToolsVersion = 6.1;
						TestTargetID = F9A430291A8DB71B00C21680;
					};
				};
			};
			buildConfigurationList = F9A430251A8DB71B00C21680 /* Build configuration list for PBXProject "test" */;
			compatibilityVersion = "Xcode 3.2";
			developmentRegion = English;
			hasScannedForEncodings = 0;
			knownRegions = (
				en,
				Base,
			);
			mainGroup = F9A430211A8DB71B00C21680;
			productRefGroup = F9A4302B1A8DB71B00C21680 /* Products */;
			projectDirPath = "";
			projectReferences = (
				{
					ProductGroup = F9A430531A8DBEB100C21680 /* Products */;
					ProjectRef = F9A430521A8DBEB100C21680 /* Alamofire.xcodeproj */;
				},
				{
					ProductGroup = F9A4305E1A8DC11100C21680 /* Products */;
					ProjectRef = F9A4305D1A8DC11100C21680 /* SwiftyJSON.xcodeproj */;
				},
			);
			projectRoot = "";
			targets = (
				F9A430291A8DB71B00C21680 /* test */,
				F9A430411A8DB71B00C21680 /* testTests */,
			);
		};
/* End PBXProject section */

/* Begin PBXReferenceProxy section */
		F9A430581A8DBEB100C21680 /* Alamofire.framework */ = {
			isa = PBXReferenceProxy;
			fileType = wrapper.framework;
			path = Alamofire.framework;
			remoteRef = F9A430571A8DBEB100C21680 /* PBXContainerItemProxy */;
			sourceTree = BUILT_PRODUCTS_DIR;
		};
		F9A4305A1A8DBEB100C21680 /* AlamofireTests.xctest */ = {
			isa = PBXReferenceProxy;
			fileType = wrapper.cfbundle;
			path = AlamofireTests.xctest;
			remoteRef = F9A430591A8DBEB100C21680 /* PBXContainerItemProxy */;
			sourceTree = BUILT_PRODUCTS_DIR;
		};
		F9A430651A8DC11200C21680 /* SwiftyJSON.framework */ = {
			isa = PBXReferenceProxy;
			fileType = wrapper.framework;
			path = SwiftyJSON.framework;
			remoteRef = F9A430641A8DC11200C21680 /* PBXContainerItemProxy */;
			sourceTree = BUILT_PRODUCTS_DIR;
		};
		F9A430671A8DC11200C21680 /* SwiftyJSONTests.xctest */ = {
			isa = PBXReferenceProxy;
			fileType = wrapper.cfbundle;
			path = SwiftyJSONTests.xctest;
			remoteRef = F9A430661A8DC11200C21680 /* PBXContainerItemProxy */;
			sourceTree = BUILT_PRODUCTS_DIR;
		};
		F9A430691A8DC11200C21680 /* SwiftyJSON.framework */ = {
			isa = PBXReferenceProxy;
			fileType = wrapper.framework;
			path = SwiftyJSON.framework;
			remoteRef = F9A430681A8DC11200C21680 /* PBXContainerItemProxy */;
			sourceTree = BUILT_PRODUCTS_DIR;
		};
		F9A4306B1A8DC11200C21680 /* SwiftyJSON OSXTests.xctest */ = {
			isa = PBXReferenceProxy;
			fileType = wrapper.cfbundle;
			path = "SwiftyJSON OSXTests.xctest";
			remoteRef = F9A4306A1A8DC11200C21680 /* PBXContainerItemProxy */;
			sourceTree = BUILT_PRODUCTS_DIR;
		};
/* End PBXReferenceProxy section */

/* Begin PBXResourcesBuildPhase section */
		F9A430281A8DB71B00C21680 /* Resources */ = {
			isa = PBXResourcesBuildPhase;
			buildActionMask = 2147483647;
			files = (
				F9A430381A8DB71B00C21680 /* Main.storyboard in Resources */,
				F9A4303D1A8DB71B00C21680 /* LaunchScreen.xib in Resources */,
				F9A4303A1A8DB71B00C21680 /* Images.xcassets in Resources */,
			);
			runOnlyForDeploymentPostprocessing = 0;
		};
		F9A430401A8DB71B00C21680 /* Resources */ = {
			isa = PBXResourcesBuildPhase;
			buildActionMask = 2147483647;
			files = (
			);
			runOnlyForDeploymentPostprocessing = 0;
		};
/* End PBXResourcesBuildPhase section */

/* Begin PBXSourcesBuildPhase section */
		F9A430261A8DB71B00C21680 /* Sources */ = {
			isa = PBXSourcesBuildPhase;
			buildActionMask = 2147483647;
			files = (
				F9A430351A8DB71B00C21680 /* ViewController.swift in Sources */,
				F9A430301A8DB71B00C21680 /* AppDelegate.swift in Sources */,
				F9A430331A8DB71B00C21680 /* test.xcdatamodeld in Sources */,
			);
			runOnlyForDeploymentPostprocessing = 0;
		};
		F9A4303E1A8DB71B00C21680 /* Sources */ = {
			isa = PBXSourcesBuildPhase;
			buildActionMask = 2147483647;
			files = (
				F9A430491A8DB71B00C21680 /* testTests.swift in Sources */,
			);
			runOnlyForDeploymentPostprocessing = 0;
		};
/* End PBXSourcesBuildPhase section */

/* Begin PBXTargetDependency section */
		F9A430441A8DB71B00C21680 /* PBXTargetDependency */ = {
			isa = PBXTargetDependency;
			target = F9A430291A8DB71B00C21680 /* test */;
			targetProxy = F9A430431A8DB71B00C21680 /* PBXContainerItemProxy */;
		};
		F9A4305C1A8DBEB700C21680 /* PBXTargetDependency */ = {
			isa = PBXTargetDependency;
			name = Alamofire;
			targetProxy = F9A4305B1A8DBEB700C21680 /* PBXContainerItemProxy */;
		};
		F9A4306D1A8DC11D00C21680 /* PBXTargetDependency */ = {
			isa = PBXTargetDependency;
			name = "SwiftyJSON iOS";
			targetProxy = F9A4306C1A8DC11D00C21680 /* PBXContainerItemProxy */;
		};
/* End PBXTargetDependency section */

/* Begin PBXVariantGroup section */
		F9A430361A8DB71B00C21680 /* Main.storyboard */ = {
			isa = PBXVariantGroup;
			children = (
				F9A430371A8DB71B00C21680 /* Base */,
			);
			name = Main.storyboard;
			sourceTree = "<group>";
		};
		F9A4303B1A8DB71B00C21680 /* LaunchScreen.xib */ = {
			isa = PBXVariantGroup;
			children = (
				F9A4303C1A8DB71B00C21680 /* Base */,
			);
			name = LaunchScreen.xib;
			sourceTree = "<group>";
		};
/* End PBXVariantGroup section */

/* Begin XCBuildConfiguration section */
		F9A4304A1A8DB71B00C21680 /* Debug */ = {
			isa = XCBuildConfiguration;
			buildSettings = {
				ALWAYS_SEARCH_USER_PATHS = NO;
				CLANG_CXX_LANGUAGE_STANDARD = "gnu++0x";
				CLANG_CXX_LIBRARY = "libc++";
				CLANG_ENABLE_MODULES = YES;
				CLANG_ENABLE_OBJC_ARC = YES;
				CLANG_WARN_BOOL_CONVERSION = YES;
				CLANG_WARN_CONSTANT_CONVERSION = YES;
				CLANG_WARN_DIRECT_OBJC_ISA_USAGE = YES_ERROR;
				CLANG_WARN_EMPTY_BODY = YES;
				CLANG_WARN_ENUM_CONVERSION = YES;
				CLANG_WARN_INT_CONVERSION = YES;
				CLANG_WARN_OBJC_ROOT_CLASS = YES_ERROR;
				CLANG_WARN_UNREACHABLE_CODE = YES;
				CLANG_WARN__DUPLICATE_METHOD_MATCH = YES;
				"CODE_SIGN_IDENTITY[sdk=iphoneos*]" = "iPhone Developer";
				COPY_PHASE_STRIP = NO;
				ENABLE_STRICT_OBJC_MSGSEND = YES;
				GCC_C_LANGUAGE_STANDARD = gnu99;
				GCC_DYNAMIC_NO_PIC = NO;
				GCC_OPTIMIZATION_LEVEL = 0;
				GCC_PREPROCESSOR_DEFINITIONS = (
					"DEBUG=1",
					"$(inherited)",
				);
				GCC_SYMBOLS_PRIVATE_EXTERN = NO;
				GCC_WARN_64_TO_32_BIT_CONVERSION = YES;
				GCC_WARN_ABOUT_RETURN_TYPE = YES_ERROR;
				GCC_WARN_UNDECLARED_SELECTOR = YES;
				GCC_WARN_UNINITIALIZED_AUTOS = YES_AGGRESSIVE;
				GCC_WARN_UNUSED_FUNCTION = YES;
				GCC_WARN_UNUSED_VARIABLE = YES;
				IPHONEOS_DEPLOYMENT_TARGET = 8.1;
				MTL_ENABLE_DEBUG_INFO = YES;
				ONLY_ACTIVE_ARCH = YES;
				SDKROOT = iphoneos;
				SWIFT_OPTIMIZATION_LEVEL = "-Onone";
			};
			name = Debug;
		};
		F9A4304B1A8DB71B00C21680 /* Release */ = {
			isa = XCBuildConfiguration;
			buildSettings = {
				ALWAYS_SEARCH_USER_PATHS = NO;
				CLANG_CXX_LANGUAGE_STANDARD = "gnu++0x";
				CLANG_CXX_LIBRARY = "libc++";
				CLANG_ENABLE_MODULES = YES;
				CLANG_ENABLE_OBJC_ARC = YES;
				CLANG_WARN_BOOL_CONVERSION = YES;
				CLANG_WARN_CONSTANT_CONVERSION = YES;
				CLANG_WARN_DIRECT_OBJC_ISA_USAGE = YES_ERROR;
				CLANG_WARN_EMPTY_BODY = YES;
				CLANG_WARN_ENUM_CONVERSION = YES;
				CLANG_WARN_INT_CONVERSION = YES;
				CLANG_WARN_OBJC_ROOT_CLASS = YES_ERROR;
				CLANG_WARN_UNREACHABLE_CODE = YES;
				CLANG_WARN__DUPLICATE_METHOD_MATCH = YES;
				"CODE_SIGN_IDENTITY[sdk=iphoneos*]" = "iPhone Developer";
				COPY_PHASE_STRIP = YES;
				ENABLE_NS_ASSERTIONS = NO;
				ENABLE_STRICT_OBJC_MSGSEND = YES;
				GCC_C_LANGUAGE_STANDARD = gnu99;
				GCC_WARN_64_TO_32_BIT_CONVERSION = YES;
				GCC_WARN_ABOUT_RETURN_TYPE = YES_ERROR;
				GCC_WARN_UNDECLARED_SELECTOR = YES;
				GCC_WARN_UNINITIALIZED_AUTOS = YES_AGGRESSIVE;
				GCC_WARN_UNUSED_FUNCTION = YES;
				GCC_WARN_UNUSED_VARIABLE = YES;
				IPHONEOS_DEPLOYMENT_TARGET = 8.1;
				MTL_ENABLE_DEBUG_INFO = NO;
				SDKROOT = iphoneos;
				VALIDATE_PRODUCT = YES;
			};
			name = Release;
		};
		F9A4304D1A8DB71B00C21680 /* Debug */ = {
			isa = XCBuildConfiguration;
			buildSettings = {
				ASSETCATALOG_COMPILER_APPICON_NAME = AppIcon;
				INFOPLIST_FILE = test/Info.plist;
				LD_RUNPATH_SEARCH_PATHS = "$(inherited) @executable_path/Frameworks";
				PRODUCT_NAME = "$(TARGET_NAME)";
			};
			name = Debug;
		};
		F9A4304E1A8DB71B00C21680 /* Release */ = {
			isa = XCBuildConfiguration;
			buildSettings = {
				ASSETCATALOG_COMPILER_APPICON_NAME = AppIcon;
				INFOPLIST_FILE = test/Info.plist;
				LD_RUNPATH_SEARCH_PATHS = "$(inherited) @executable_path/Frameworks";
				PRODUCT_NAME = "$(TARGET_NAME)";
			};
			name = Release;
		};
		F9A430501A8DB71B00C21680 /* Debug */ = {
			isa = XCBuildConfiguration;
			buildSettings = {
				BUNDLE_LOADER = "$(TEST_HOST)";
				FRAMEWORK_SEARCH_PATHS = (
					"$(SDKROOT)/Developer/Library/Frameworks",
					"$(inherited)",
				);
				GCC_PREPROCESSOR_DEFINITIONS = (
					"DEBUG=1",
					"$(inherited)",
				);
				INFOPLIST_FILE = testTests/Info.plist;
				LD_RUNPATH_SEARCH_PATHS = "$(inherited) @executable_path/Frameworks @loader_path/Frameworks";
				PRODUCT_NAME = "$(TARGET_NAME)";
				TEST_HOST = "$(BUILT_PRODUCTS_DIR)/test.app/test";
			};
			name = Debug;
		};
		F9A430511A8DB71B00C21680 /* Release */ = {
			isa = XCBuildConfiguration;
			buildSettings = {
				BUNDLE_LOADER = "$(TEST_HOST)";
				FRAMEWORK_SEARCH_PATHS = (
					"$(SDKROOT)/Developer/Library/Frameworks",
					"$(inherited)",
				);
				INFOPLIST_FILE = testTests/Info.plist;
				LD_RUNPATH_SEARCH_PATHS = "$(inherited) @executable_path/Frameworks @loader_path/Frameworks";
				PRODUCT_NAME = "$(TARGET_NAME)";
				TEST_HOST = "$(BUILT_PRODUCTS_DIR)/test.app/test";
			};
			name = Release;
		};
/* End XCBuildConfiguration section */

/* Begin XCConfigurationList section */
		F9A430251A8DB71B00C21680 /* Build configuration list for PBXProject "test" */ = {
			isa = XCConfigurationList;
			buildConfigurations = (
				F9A4304A1A8DB71B00C21680 /* Debug */,
				F9A4304B1A8DB71B00C21680 /* Release */,
			);
			defaultConfigurationIsVisible = 0;
			defaultConfigurationName = Release;
		};
		F9A4304C1A8DB71B00C21680 /* Build configuration list for PBXNativeTarget "test" */ = {
			isa = XCConfigurationList;
			buildConfigurations = (
				F9A4304D1A8DB71B00C21680 /* Debug */,
				F9A4304E1A8DB71B00C21680 /* Release */,
			);
			defaultConfigurationIsVisible = 0;
			defaultConfigurationName = Release;
		};
		F9A4304F1A8DB71B00C21680 /* Build configuration list for PBXNativeTarget "testTests" */ = {
			isa = XCConfigurationList;
			buildConfigurations = (
				F9A430501A8DB71B00C21680 /* Debug */,
				F9A430511A8DB71B00C21680 /* Release */,
			);
			defaultConfigurationIsVisible = 0;
			defaultConfigurationName = Release;
		};
/* End XCConfigurationList section */

/* Begin XCVersionGroup section */
		F9A430311A8DB71B00C21680 /* test.xcdatamodeld */ = {
			isa = XCVersionGroup;
			children = (
				F9A430321A8DB71B00C21680 /* test.xcdatamodel */,
			);
			currentVersion = F9A430321A8DB71B00C21680 /* test.xcdatamodel */;
			path = test.xcdatamodeld;
			sourceTree = "<group>";
			versionGroupType = wrapper.xcdatamodel;
		};
/* End XCVersionGroup section */
	};
	rootObject = F9A430221A8DB71B00C21680 /* Project object */;
}
