// !$*UTF8*$!
{
	archiveVersion = 1;
	classes = {
	};
	objectVersion = 46;
	objects = {

/* Begin PBXBuildFile section */
		F99FD7821B58E35400BA87DF /* AppDelegate.swift in Sources */ = {isa = PBXBuildFile; fileRef = F99FD7811B58E35400BA87DF /* AppDelegate.swift */; };
		F99FD7851B58E35400BA87DF /* tesstg.xcdatamodeld in Sources */ = {isa = PBXBuildFile; fileRef = F99FD7831B58E35400BA87DF /* tesstg.xcdatamodeld */; };
		F99FD7871B58E35400BA87DF /* ViewController.swift in Sources */ = {isa = PBXBuildFile; fileRef = F99FD7861B58E35400BA87DF /* ViewController.swift */; };
		F99FD78A1B58E35400BA87DF /* Main.storyboard in Resources */ = {isa = PBXBuildFile; fileRef = F99FD7881B58E35400BA87DF /* Main.storyboard */; };
		F99FD78C1B58E35400BA87DF /* Images.xcassets in Resources */ = {isa = PBXBuildFile; fileRef = F99FD78B1B58E35400BA87DF /* Images.xcassets */; };
		F99FD78F1B58E35400BA87DF /* LaunchScreen.xib in Resources */ = {isa = PBXBuildFile; fileRef = F99FD78D1B58E35400BA87DF /* LaunchScreen.xib */; };
		F99FD79B1B58E35500BA87DF /* tesstgTests.swift in Sources */ = {isa = PBXBuildFile; fileRef = F99FD79A1B58E35500BA87DF /* tesstgTests.swift */; };
		F99FD7A51B58E39000BA87DF /* TableViewController.swift in Sources */ = {isa = PBXBuildFile; fileRef = F99FD7A41B58E39000BA87DF /* TableViewController.swift */; };
		F99FD7A71B58E3CF00BA87DF /* TableViewCell.swift in Sources */ = {isa = PBXBuildFile; fileRef = F99FD7A61B58E3CF00BA87DF /* TableViewCell.swift */; };
		F99FD7A91B58E47700BA87DF /* baobaoerge.png in Resources */ = {isa = PBXBuildFile; fileRef = F99FD7A81B58E47700BA87DF /* baobaoerge.png */; };
/* End PBXBuildFile section */

/* Begin PBXContainerItemProxy section */
		F99FD7951B58E35500BA87DF /* PBXContainerItemProxy */ = {
			isa = PBXContainerItemProxy;
			containerPortal = F99FD7741B58E35400BA87DF /* Project object */;
			proxyType = 1;
			remoteGlobalIDString = F99FD77B1B58E35400BA87DF;
			remoteInfo = tesstg;
		};
/* End PBXContainerItemProxy section */

/* Begin PBXFileReference section */
		F99FD77C1B58E35400BA87DF /* tesstg.app */ = {isa = PBXFileReference; explicitFileType = wrapper.application; includeInIndex = 0; path = tesstg.app; sourceTree = BUILT_PRODUCTS_DIR; };
		F99FD7801B58E35400BA87DF /* Info.plist */ = {isa = PBXFileReference; lastKnownFileType = text.plist.xml; path = Info.plist; sourceTree = "<group>"; };
		F99FD7811B58E35400BA87DF /* AppDelegate.swift */ = {isa = PBXFileReference; lastKnownFileType = sourcecode.swift; path = AppDelegate.swift; sourceTree = "<group>"; };
		F99FD7841B58E35400BA87DF /* tesstg.xcdatamodel */ = {isa = PBXFileReference; lastKnownFileType = wrapper.xcdatamodel; path = tesstg.xcdatamodel; sourceTree = "<group>"; };
		F99FD7861B58E35400BA87DF /* ViewController.swift */ = {isa = PBXFileReference; lastKnownFileType = sourcecode.swift; path = ViewController.swift; sourceTree = "<group>"; };
		F99FD7891B58E35400BA87DF /* Base */ = {isa = PBXFileReference; lastKnownFileType = file.storyboard; name = Base; path = Base.lproj/Main.storyboard; sourceTree = "<group>"; };
		F99FD78B1B58E35400BA87DF /* Images.xcassets */ = {isa = PBXFileReference; lastKnownFileType = folder.assetcatalog; path = Images.xcassets; sourceTree = "<group>"; };
		F99FD78E1B58E35400BA87DF /* Base */ = {isa = PBXFileReference; lastKnownFileType = file.xib; name = Base; path = Base.lproj/LaunchScreen.xib; sourceTree = "<group>"; };
		F99FD7941B58E35500BA87DF /* tesstgTests.xctest */ = {isa = PBXFileReference; explicitFileType = wrapper.cfbundle; includeInIndex = 0; path = tesstgTests.xctest; sourceTree = BUILT_PRODUCTS_DIR; };
		F99FD7991B58E35500BA87DF /* Info.plist */ = {isa = PBXFileReference; lastKnownFileType = text.plist.xml; path = Info.plist; sourceTree = "<group>"; };
		F99FD79A1B58E35500BA87DF /* tesstgTests.swift */ = {isa = PBXFileReference; lastKnownFileType = sourcecode.swift; path = tesstgTests.swift; sourceTree = "<group>"; };
		F99FD7A41B58E39000BA87DF /* TableViewController.swift */ = {isa = PBXFileReference; fileEncoding = 4; lastKnownFileType = sourcecode.swift; path = TableViewController.swift; sourceTree = "<group>"; };
		F99FD7A61B58E3CF00BA87DF /* TableViewCell.swift */ = {isa = PBXFileReference; fileEncoding = 4; lastKnownFileType = sourcecode.swift; path = TableViewCell.swift; sourceTree = "<group>"; };
		F99FD7A81B58E47700BA87DF /* baobaoerge.png */ = {isa = PBXFileReference; lastKnownFileType = image.png; path = baobaoerge.png; sourceTree = "<group>"; };
/* End PBXFileReference section */

/* Begin PBXFrameworksBuildPhase section */
		F99FD7791B58E35400BA87DF /* Frameworks */ = {
			isa = PBXFrameworksBuildPhase;
			buildActionMask = 2147483647;
			files = (
			);
			runOnlyForDeploymentPostprocessing = 0;
		};
		F99FD7911B58E35500BA87DF /* Frameworks */ = {
			isa = PBXFrameworksBuildPhase;
			buildActionMask = 2147483647;
			files = (
			);
			runOnlyForDeploymentPostprocessing = 0;
		};
/* End PBXFrameworksBuildPhase section */

/* Begin PBXGroup section */
		F99FD7731B58E35400BA87DF = {
			isa = PBXGroup;
			children = (
				F99FD77E1B58E35400BA87DF /* tesstg */,
				F99FD7971B58E35500BA87DF /* tesstgTests */,
				F99FD77D1B58E35400BA87DF /* Products */,
			);
			sourceTree = "<group>";
		};
		F99FD77D1B58E35400BA87DF /* Products */ = {
			isa = PBXGroup;
			children = (
				F99FD77C1B58E35400BA87DF /* tesstg.app */,
				F99FD7941B58E35500BA87DF /* tesstgTests.xctest */,
			);
			name = Products;
			sourceTree = "<group>";
		};
		F99FD77E1B58E35400BA87DF /* tesstg */ = {
			isa = PBXGroup;
			children = (
				F99FD7811B58E35400BA87DF /* AppDelegate.swift */,
				F99FD7861B58E35400BA87DF /* ViewController.swift */,
				F99FD7881B58E35400BA87DF /* Main.storyboard */,
				F99FD78B1B58E35400BA87DF /* Images.xcassets */,
				F99FD78D1B58E35400BA87DF /* LaunchScreen.xib */,
				F99FD7831B58E35400BA87DF /* tesstg.xcdatamodeld */,
				F99FD77F1B58E35400BA87DF /* Supporting Files */,
				F99FD7A41B58E39000BA87DF /* TableViewController.swift */,
				F99FD7A61B58E3CF00BA87DF /* TableViewCell.swift */,
			);
			path = tesstg;
			sourceTree = "<group>";
		};
		F99FD77F1B58E35400BA87DF /* Supporting Files */ = {
			isa = PBXGroup;
			children = (
				F99FD7A81B58E47700BA87DF /* baobaoerge.png */,
				F99FD7801B58E35400BA87DF /* Info.plist */,
			);
			name = "Supporting Files";
			sourceTree = "<group>";
		};
		F99FD7971B58E35500BA87DF /* tesstgTests */ = {
			isa = PBXGroup;
			children = (
				F99FD79A1B58E35500BA87DF /* tesstgTests.swift */,
				F99FD7981B58E35500BA87DF /* Supporting Files */,
			);
			path = tesstgTests;
			sourceTree = "<group>";
		};
		F99FD7981B58E35500BA87DF /* Supporting Files */ = {
			isa = PBXGroup;
			children = (
				F99FD7991B58E35500BA87DF /* Info.plist */,
			);
			name = "Supporting Files";
			sourceTree = "<group>";
		};
/* End PBXGroup section */

/* Begin PBXNativeTarget section */
		F99FD77B1B58E35400BA87DF /* tesstg */ = {
			isa = PBXNativeTarget;
			buildConfigurationList = F99FD79E1B58E35500BA87DF /* Build configuration list for PBXNativeTarget "tesstg" */;
			buildPhases = (
				F99FD7781B58E35400BA87DF /* Sources */,
				F99FD7791B58E35400BA87DF /* Frameworks */,
				F99FD77A1B58E35400BA87DF /* Resources */,
			);
			buildRules = (
			);
			dependencies = (
			);
			name = tesstg;
			productName = tesstg;
			productReference = F99FD77C1B58E35400BA87DF /* tesstg.app */;
			productType = "com.apple.product-type.application";
		};
		F99FD7931B58E35500BA87DF /* tesstgTests */ = {
			isa = PBXNativeTarget;
			buildConfigurationList = F99FD7A11B58E35500BA87DF /* Build configuration list for PBXNativeTarget "tesstgTests" */;
			buildPhases = (
				F99FD7901B58E35500BA87DF /* Sources */,
				F99FD7911B58E35500BA87DF /* Frameworks */,
				F99FD7921B58E35500BA87DF /* Resources */,
			);
			buildRules = (
			);
			dependencies = (
				F99FD7961B58E35500BA87DF /* PBXTargetDependency */,
			);
			name = tesstgTests;
			productName = tesstgTests;
			productReference = F99FD7941B58E35500BA87DF /* tesstgTests.xctest */;
			productType = "com.apple.product-type.bundle.unit-test";
		};
/* End PBXNativeTarget section */

/* Begin PBXProject section */
		F99FD7741B58E35400BA87DF /* Project object */ = {
			isa = PBXProject;
			attributes = {
				LastUpgradeCheck = 0630;
				ORGANIZATIONNAME = andyhu;
				TargetAttributes = {
					F99FD77B1B58E35400BA87DF = {
						CreatedOnToolsVersion = 6.3.1;
					};
					F99FD7931B58E35500BA87DF = {
						CreatedOnToolsVersion = 6.3.1;
						TestTargetID = F99FD77B1B58E35400BA87DF;
					};
				};
			};
			buildConfigurationList = F99FD7771B58E35400BA87DF /* Build configuration list for PBXProject "tesstg" */;
			compatibilityVersion = "Xcode 3.2";
			developmentRegion = English;
			hasScannedForEncodings = 0;
			knownRegions = (
				en,
				Base,
			);
			mainGroup = F99FD7731B58E35400BA87DF;
			productRefGroup = F99FD77D1B58E35400BA87DF /* Products */;
			projectDirPath = "";
			projectRoot = "";
			targets = (
				F99FD77B1B58E35400BA87DF /* tesstg */,
				F99FD7931B58E35500BA87DF /* tesstgTests */,
			);
		};
/* End PBXProject section */

/* Begin PBXResourcesBuildPhase section */
		F99FD77A1B58E35400BA87DF /* Resources */ = {
			isa = PBXResourcesBuildPhase;
			buildActionMask = 2147483647;
			files = (
				F99FD7A91B58E47700BA87DF /* baobaoerge.png in Resources */,
				F99FD78A1B58E35400BA87DF /* Main.storyboard in Resources */,
				F99FD78F1B58E35400BA87DF /* LaunchScreen.xib in Resources */,
				F99FD78C1B58E35400BA87DF /* Images.xcassets in Resources */,
			);
			runOnlyForDeploymentPostprocessing = 0;
		};
		F99FD7921B58E35500BA87DF /* Resources */ = {
			isa = PBXResourcesBuildPhase;
			buildActionMask = 2147483647;
			files = (
			);
			runOnlyForDeploymentPostprocessing = 0;
		};
/* End PBXResourcesBuildPhase section */

/* Begin PBXSourcesBuildPhase section */
		F99FD7781B58E35400BA87DF /* Sources */ = {
			isa = PBXSourcesBuildPhase;
			buildActionMask = 2147483647;
			files = (
				F99FD7A71B58E3CF00BA87DF /* TableViewCell.swift in Sources */,
				F99FD7871B58E35400BA87DF /* ViewController.swift in Sources */,
				F99FD7821B58E35400BA87DF /* AppDelegate.swift in Sources */,
				F99FD7851B58E35400BA87DF /* tesstg.xcdatamodeld in Sources */,
				F99FD7A51B58E39000BA87DF /* TableViewController.swift in Sources */,
			);
			runOnlyForDeploymentPostprocessing = 0;
		};
		F99FD7901B58E35500BA87DF /* Sources */ = {
			isa = PBXSourcesBuildPhase;
			buildActionMask = 2147483647;
			files = (
				F99FD79B1B58E35500BA87DF /* tesstgTests.swift in Sources */,
			);
			runOnlyForDeploymentPostprocessing = 0;
		};
/* End PBXSourcesBuildPhase section */

/* Begin PBXTargetDependency section */
		F99FD7961B58E35500BA87DF /* PBXTargetDependency */ = {
			isa = PBXTargetDependency;
			target = F99FD77B1B58E35400BA87DF /* tesstg */;
			targetProxy = F99FD7951B58E35500BA87DF /* PBXContainerItemProxy */;
		};
/* End PBXTargetDependency section */

/* Begin PBXVariantGroup section */
		F99FD7881B58E35400BA87DF /* Main.storyboard */ = {
			isa = PBXVariantGroup;
			children = (
				F99FD7891B58E35400BA87DF /* Base */,
			);
			name = Main.storyboard;
			sourceTree = "<group>";
		};
		F99FD78D1B58E35400BA87DF /* LaunchScreen.xib */ = {
			isa = PBXVariantGroup;
			children = (
				F99FD78E1B58E35400BA87DF /* Base */,
			);
			name = LaunchScreen.xib;
			sourceTree = "<group>";
		};
/* End PBXVariantGroup section */

/* Begin XCBuildConfiguration section */
		F99FD79C1B58E35500BA87DF /* Debug */ = {
			isa = XCBuildConfiguration;
			buildSettings = {
				ALWAYS_SEARCH_USER_PATHS = NO;
				CLANG_CXX_LANGUAGE_STANDARD = "gnu++0x";
				CLANG_CXX_LIBRARY = "libc++";
				CLANG_ENABLE_MODULES = YES;
				CLANG_ENABLE_OBJC_ARC = YES;
				CLANG_WARN_BOOL_CONVERSION = YES;
				CLANG_WARN_CONSTANT_CONVERSION = YES;
				CLANG_WARN_DIRECT_OBJC_ISA_USAGE = YES_ERROR;
				CLANG_WARN_EMPTY_BODY = YES;
				CLANG_WARN_ENUM_CONVERSION = YES;
				CLANG_WARN_INT_CONVERSION = YES;
				CLANG_WARN_OBJC_ROOT_CLASS = YES_ERROR;
				CLANG_WARN_UNREACHABLE_CODE = YES;
				CLANG_WARN__DUPLICATE_METHOD_MATCH = YES;
				"CODE_SIGN_IDENTITY[sdk=iphoneos*]" = "iPhone Developer";
				COPY_PHASE_STRIP = NO;
				DEBUG_INFORMATION_FORMAT = "dwarf-with-dsym";
				ENABLE_STRICT_OBJC_MSGSEND = YES;
				GCC_C_LANGUAGE_STANDARD = gnu99;
				GCC_DYNAMIC_NO_PIC = NO;
				GCC_NO_COMMON_BLOCKS = YES;
				GCC_OPTIMIZATION_LEVEL = 0;
				GCC_PREPROCESSOR_DEFINITIONS = (
					"DEBUG=1",
					"$(inherited)",
				);
				GCC_SYMBOLS_PRIVATE_EXTERN = NO;
				GCC_WARN_64_TO_32_BIT_CONVERSION = YES;
				GCC_WARN_ABOUT_RETURN_TYPE = YES_ERROR;
				GCC_WARN_UNDECLARED_SELECTOR = YES;
				GCC_WARN_UNINITIALIZED_AUTOS = YES_AGGRESSIVE;
				GCC_WARN_UNUSED_FUNCTION = YES;
				GCC_WARN_UNUSED_VARIABLE = YES;
				IPHONEOS_DEPLOYMENT_TARGET = 8.3;
				MTL_ENABLE_DEBUG_INFO = YES;
				ONLY_ACTIVE_ARCH = YES;
				SDKROOT = iphoneos;
				SWIFT_OPTIMIZATION_LEVEL = "-Onone";
			};
			name = Debug;
		};
		F99FD79D1B58E35500BA87DF /* Release */ = {
			isa = XCBuildConfiguration;
			buildSettings = {
				ALWAYS_SEARCH_USER_PATHS = NO;
				CLANG_CXX_LANGUAGE_STANDARD = "gnu++0x";
				CLANG_CXX_LIBRARY = "libc++";
				CLANG_ENABLE_MODULES = YES;
				CLANG_ENABLE_OBJC_ARC = YES;
				CLANG_WARN_BOOL_CONVERSION = YES;
				CLANG_WARN_CONSTANT_CONVERSION = YES;
				CLANG_WARN_DIRECT_OBJC_ISA_USAGE = YES_ERROR;
				CLANG_WARN_EMPTY_BODY = YES;
				CLANG_WARN_ENUM_CONVERSION = YES;
				CLANG_WARN_INT_CONVERSION = YES;
				CLANG_WARN_OBJC_ROOT_CLASS = YES_ERROR;
				CLANG_WARN_UNREACHABLE_CODE = YES;
				CLANG_WARN__DUPLICATE_METHOD_MATCH = YES;
				"CODE_SIGN_IDENTITY[sdk=iphoneos*]" = "iPhone Developer";
				COPY_PHASE_STRIP = NO;
				DEBUG_INFORMATION_FORMAT = "dwarf-with-dsym";
				ENABLE_NS_ASSERTIONS = NO;
				ENABLE_STRICT_OBJC_MSGSEND = YES;
				GCC_C_LANGUAGE_STANDARD = gnu99;
				GCC_NO_COMMON_BLOCKS = YES;
				GCC_WARN_64_TO_32_BIT_CONVERSION = YES;
				GCC_WARN_ABOUT_RETURN_TYPE = YES_ERROR;
				GCC_WARN_UNDECLARED_SELECTOR = YES;
				GCC_WARN_UNINITIALIZED_AUTOS = YES_AGGRESSIVE;
				GCC_WARN_UNUSED_FUNCTION = YES;
				GCC_WARN_UNUSED_VARIABLE = YES;
				IPHONEOS_DEPLOYMENT_TARGET = 8.3;
				MTL_ENABLE_DEBUG_INFO = NO;
				SDKROOT = iphoneos;
				VALIDATE_PRODUCT = YES;
			};
			name = Release;
		};
		F99FD79F1B58E35500BA87DF /* Debug */ = {
			isa = XCBuildConfiguration;
			buildSettings = {
				ASSETCATALOG_COMPILER_APPICON_NAME = AppIcon;
				INFOPLIST_FILE = tesstg/Info.plist;
				LD_RUNPATH_SEARCH_PATHS = "$(inherited) @executable_path/Frameworks";
				PRODUCT_NAME = "$(TARGET_NAME)";
			};
			name = Debug;
		};
		F99FD7A01B58E35500BA87DF /* Release */ = {
			isa = XCBuildConfiguration;
			buildSettings = {
				ASSETCATALOG_COMPILER_APPICON_NAME = AppIcon;
				INFOPLIST_FILE = tesstg/Info.plist;
				LD_RUNPATH_SEARCH_PATHS = "$(inherited) @executable_path/Frameworks";
				PRODUCT_NAME = "$(TARGET_NAME)";
			};
			name = Release;
		};
		F99FD7A21B58E35500BA87DF /* Debug */ = {
			isa = XCBuildConfiguration;
			buildSettings = {
				BUNDLE_LOADER = "$(TEST_HOST)";
				FRAMEWORK_SEARCH_PATHS = (
					"$(SDKROOT)/Developer/Library/Frameworks",
					"$(inherited)",
				);
				GCC_PREPROCESSOR_DEFINITIONS = (
					"DEBUG=1",
					"$(inherited)",
				);
				INFOPLIST_FILE = tesstgTests/Info.plist;
				LD_RUNPATH_SEARCH_PATHS = "$(inherited) @executable_path/Frameworks @loader_path/Frameworks";
				PRODUCT_NAME = "$(TARGET_NAME)";
				TEST_HOST = "$(BUILT_PRODUCTS_DIR)/tesstg.app/tesstg";
			};
			name = Debug;
		};
		F99FD7A31B58E35500BA87DF /* Release */ = {
			isa = XCBuildConfiguration;
			buildSettings = {
				BUNDLE_LOADER = "$(TEST_HOST)";
				FRAMEWORK_SEARCH_PATHS = (
					"$(SDKROOT)/Developer/Library/Frameworks",
					"$(inherited)",
				);
				INFOPLIST_FILE = tesstgTests/Info.plist;
				LD_RUNPATH_SEARCH_PATHS = "$(inherited) @executable_path/Frameworks @loader_path/Frameworks";
				PRODUCT_NAME = "$(TARGET_NAME)";
				TEST_HOST = "$(BUILT_PRODUCTS_DIR)/tesstg.app/tesstg";
			};
			name = Release;
		};
/* End XCBuildConfiguration section */

/* Begin XCConfigurationList section */
		F99FD7771B58E35400BA87DF /* Build configuration list for PBXProject "tesstg" */ = {
			isa = XCConfigurationList;
			buildConfigurations = (
				F99FD79C1B58E35500BA87DF /* Debug */,
				F99FD79D1B58E35500BA87DF /* Release */,
			);
			defaultConfigurationIsVisible = 0;
			defaultConfigurationName = Release;
		};
		F99FD79E1B58E35500BA87DF /* Build configuration list for PBXNativeTarget "tesstg" */ = {
			isa = XCConfigurationList;
			buildConfigurations = (
				F99FD79F1B58E35500BA87DF /* Debug */,
				F99FD7A01B58E35500BA87DF /* Release */,
			);
			defaultConfigurationIsVisible = 0;
		};
		F99FD7A11B58E35500BA87DF /* Build configuration list for PBXNativeTarget "tesstgTests" */ = {
			isa = XCConfigurationList;
			buildConfigurations = (
				F99FD7A21B58E35500BA87DF /* Debug */,
				F99FD7A31B58E35500BA87DF /* Release */,
			);
			defaultConfigurationIsVisible = 0;
		};
/* End XCConfigurationList section */

/* Begin XCVersionGroup section */
		F99FD7831B58E35400BA87DF /* tesstg.xcdatamodeld */ = {
			isa = XCVersionGroup;
			children = (
				F99FD7841B58E35400BA87DF /* tesstg.xcdatamodel */,
			);
			currentVersion = F99FD7841B58E35400BA87DF /* tesstg.xcdatamodel */;
			path = tesstg.xcdatamodeld;
			sourceTree = "<group>";
			versionGroupType = wrapper.xcdatamodel;
		};
/* End XCVersionGroup section */
	};
	rootObject = F99FD7741B58E35400BA87DF /* Project object */;
}
