// !$*UTF8*$!
{
	archiveVersion = 1;
	classes = {
	};
	objectVersion = 46;
	objects = {

/* Begin PBXBuildFile section */
		F954D28D1B12DD0100362DBE /* AppDelegate.swift in Sources */ = {isa = PBXBuildFile; fileRef = F954D28C1B12DD0100362DBE /* AppDelegate.swift */; };
		F954D2901B12DD0100362DBE /* htmlParseTest.xcdatamodeld in Sources */ = {isa = PBXBuildFile; fileRef = F954D28E1B12DD0100362DBE /* htmlParseTest.xcdatamodeld */; };
		F954D2921B12DD0100362DBE /* ViewController.swift in Sources */ = {isa = PBXBuildFile; fileRef = F954D2911B12DD0100362DBE /* ViewController.swift */; };
		F954D2951B12DD0100362DBE /* Main.storyboard in Resources */ = {isa = PBXBuildFile; fileRef = F954D2931B12DD0100362DBE /* Main.storyboard */; };
		F954D2971B12DD0100362DBE /* Images.xcassets in Resources */ = {isa = PBXBuildFile; fileRef = F954D2961B12DD0100362DBE /* Images.xcassets */; };
		F954D29A1B12DD0100362DBE /* LaunchScreen.xib in Resources */ = {isa = PBXBuildFile; fileRef = F954D2981B12DD0100362DBE /* LaunchScreen.xib */; };
		F954D2A61B12DD0100362DBE /* htmlParseTestTests.swift in Sources */ = {isa = PBXBuildFile; fileRef = F954D2A51B12DD0100362DBE /* htmlParseTestTests.swift */; };
/* End PBXBuildFile section */

/* Begin PBXContainerItemProxy section */
		F954D2A01B12DD0100362DBE /* PBXContainerItemProxy */ = {
			isa = PBXContainerItemProxy;
			containerPortal = F954D27F1B12DD0100362DBE /* Project object */;
			proxyType = 1;
			remoteGlobalIDString = F954D2861B12DD0100362DBE;
			remoteInfo = htmlParseTest;
		};
/* End PBXContainerItemProxy section */

/* Begin PBXFileReference section */
		F954D2871B12DD0100362DBE /* htmlParseTest.app */ = {isa = PBXFileReference; explicitFileType = wrapper.application; includeInIndex = 0; path = htmlParseTest.app; sourceTree = BUILT_PRODUCTS_DIR; };
		F954D28B1B12DD0100362DBE /* Info.plist */ = {isa = PBXFileReference; lastKnownFileType = text.plist.xml; path = Info.plist; sourceTree = "<group>"; };
		F954D28C1B12DD0100362DBE /* AppDelegate.swift */ = {isa = PBXFileReference; lastKnownFileType = sourcecode.swift; path = AppDelegate.swift; sourceTree = "<group>"; };
		F954D28F1B12DD0100362DBE /* htmlParseTest.xcdatamodel */ = {isa = PBXFileReference; lastKnownFileType = wrapper.xcdatamodel; path = htmlParseTest.xcdatamodel; sourceTree = "<group>"; };
		F954D2911B12DD0100362DBE /* ViewController.swift */ = {isa = PBXFileReference; lastKnownFileType = sourcecode.swift; path = ViewController.swift; sourceTree = "<group>"; };
		F954D2941B12DD0100362DBE /* Base */ = {isa = PBXFileReference; lastKnownFileType = file.storyboard; name = Base; path = Base.lproj/Main.storyboard; sourceTree = "<group>"; };
		F954D2961B12DD0100362DBE /* Images.xcassets */ = {isa = PBXFileReference; lastKnownFileType = folder.assetcatalog; path = Images.xcassets; sourceTree = "<group>"; };
		F954D2991B12DD0100362DBE /* Base */ = {isa = PBXFileReference; lastKnownFileType = file.xib; name = Base; path = Base.lproj/LaunchScreen.xib; sourceTree = "<group>"; };
		F954D29F1B12DD0100362DBE /* htmlParseTestTests.xctest */ = {isa = PBXFileReference; explicitFileType = wrapper.cfbundle; includeInIndex = 0; path = htmlParseTestTests.xctest; sourceTree = BUILT_PRODUCTS_DIR; };
		F954D2A41B12DD0100362DBE /* Info.plist */ = {isa = PBXFileReference; lastKnownFileType = text.plist.xml; path = Info.plist; sourceTree = "<group>"; };
		F954D2A51B12DD0100362DBE /* htmlParseTestTests.swift */ = {isa = PBXFileReference; lastKnownFileType = sourcecode.swift; path = htmlParseTestTests.swift; sourceTree = "<group>"; };
/* End PBXFileReference section */

/* Begin PBXFrameworksBuildPhase section */
		F954D2841B12DD0100362DBE /* Frameworks */ = {
			isa = PBXFrameworksBuildPhase;
			buildActionMask = 2147483647;
			files = (
			);
			runOnlyForDeploymentPostprocessing = 0;
		};
		F954D29C1B12DD0100362DBE /* Frameworks */ = {
			isa = PBXFrameworksBuildPhase;
			buildActionMask = 2147483647;
			files = (
			);
			runOnlyForDeploymentPostprocessing = 0;
		};
/* End PBXFrameworksBuildPhase section */

/* Begin PBXGroup section */
		F954D27E1B12DD0100362DBE = {
			isa = PBXGroup;
			children = (
				F954D2891B12DD0100362DBE /* htmlParseTest */,
				F954D2A21B12DD0100362DBE /* htmlParseTestTests */,
				F954D2881B12DD0100362DBE /* Products */,
			);
			sourceTree = "<group>";
		};
		F954D2881B12DD0100362DBE /* Products */ = {
			isa = PBXGroup;
			children = (
				F954D2871B12DD0100362DBE /* htmlParseTest.app */,
				F954D29F1B12DD0100362DBE /* htmlParseTestTests.xctest */,
			);
			name = Products;
			sourceTree = "<group>";
		};
		F954D2891B12DD0100362DBE /* htmlParseTest */ = {
			isa = PBXGroup;
			children = (
				F954D28C1B12DD0100362DBE /* AppDelegate.swift */,
				F954D2911B12DD0100362DBE /* ViewController.swift */,
				F954D2931B12DD0100362DBE /* Main.storyboard */,
				F954D2961B12DD0100362DBE /* Images.xcassets */,
				F954D2981B12DD0100362DBE /* LaunchScreen.xib */,
				F954D28E1B12DD0100362DBE /* htmlParseTest.xcdatamodeld */,
				F954D28A1B12DD0100362DBE /* Supporting Files */,
			);
			path = htmlParseTest;
			sourceTree = "<group>";
		};
		F954D28A1B12DD0100362DBE /* Supporting Files */ = {
			isa = PBXGroup;
			children = (
				F954D28B1B12DD0100362DBE /* Info.plist */,
			);
			name = "Supporting Files";
			sourceTree = "<group>";
		};
		F954D2A21B12DD0100362DBE /* htmlParseTestTests */ = {
			isa = PBXGroup;
			children = (
				F954D2A51B12DD0100362DBE /* htmlParseTestTests.swift */,
				F954D2A31B12DD0100362DBE /* Supporting Files */,
			);
			path = htmlParseTestTests;
			sourceTree = "<group>";
		};
		F954D2A31B12DD0100362DBE /* Supporting Files */ = {
			isa = PBXGroup;
			children = (
				F954D2A41B12DD0100362DBE /* Info.plist */,
			);
			name = "Supporting Files";
			sourceTree = "<group>";
		};
/* End PBXGroup section */

/* Begin PBXNativeTarget section */
		F954D2861B12DD0100362DBE /* htmlParseTest */ = {
			isa = PBXNativeTarget;
			buildConfigurationList = F954D2A91B12DD0100362DBE /* Build configuration list for PBXNativeTarget "htmlParseTest" */;
			buildPhases = (
				F954D2831B12DD0100362DBE /* Sources */,
				F954D2841B12DD0100362DBE /* Frameworks */,
				F954D2851B12DD0100362DBE /* Resources */,
			);
			buildRules = (
			);
			dependencies = (
			);
			name = htmlParseTest;
			productName = htmlParseTest;
			productReference = F954D2871B12DD0100362DBE /* htmlParseTest.app */;
			productType = "com.apple.product-type.application";
		};
		F954D29E1B12DD0100362DBE /* htmlParseTestTests */ = {
			isa = PBXNativeTarget;
			buildConfigurationList = F954D2AC1B12DD0100362DBE /* Build configuration list for PBXNativeTarget "htmlParseTestTests" */;
			buildPhases = (
				F954D29B1B12DD0100362DBE /* Sources */,
				F954D29C1B12DD0100362DBE /* Frameworks */,
				F954D29D1B12DD0100362DBE /* Resources */,
			);
			buildRules = (
			);
			dependencies = (
				F954D2A11B12DD0100362DBE /* PBXTargetDependency */,
			);
			name = htmlParseTestTests;
			productName = htmlParseTestTests;
			productReference = F954D29F1B12DD0100362DBE /* htmlParseTestTests.xctest */;
			productType = "com.apple.product-type.bundle.unit-test";
		};
/* End PBXNativeTarget section */

/* Begin PBXProject section */
		F954D27F1B12DD0100362DBE /* Project object */ = {
			isa = PBXProject;
			attributes = {
				LastUpgradeCheck = 0630;
				ORGANIZATIONNAME = andyhu;
				TargetAttributes = {
					F954D2861B12DD0100362DBE = {
						CreatedOnToolsVersion = 6.3;
					};
					F954D29E1B12DD0100362DBE = {
						CreatedOnToolsVersion = 6.3;
						TestTargetID = F954D2861B12DD0100362DBE;
					};
				};
			};
			buildConfigurationList = F954D2821B12DD0100362DBE /* Build configuration list for PBXProject "htmlParseTest" */;
			compatibilityVersion = "Xcode 3.2";
			developmentRegion = English;
			hasScannedForEncodings = 0;
			knownRegions = (
				en,
				Base,
			);
			mainGroup = F954D27E1B12DD0100362DBE;
			productRefGroup = F954D2881B12DD0100362DBE /* Products */;
			projectDirPath = "";
			projectRoot = "";
			targets = (
				F954D2861B12DD0100362DBE /* htmlParseTest */,
				F954D29E1B12DD0100362DBE /* htmlParseTestTests */,
			);
		};
/* End PBXProject section */

/* Begin PBXResourcesBuildPhase section */
		F954D2851B12DD0100362DBE /* Resources */ = {
			isa = PBXResourcesBuildPhase;
			buildActionMask = 2147483647;
			files = (
				F954D2951B12DD0100362DBE /* Main.storyboard in Resources */,
				F954D29A1B12DD0100362DBE /* LaunchScreen.xib in Resources */,
				F954D2971B12DD0100362DBE /* Images.xcassets in Resources */,
			);
			runOnlyForDeploymentPostprocessing = 0;
		};
		F954D29D1B12DD0100362DBE /* Resources */ = {
			isa = PBXResourcesBuildPhase;
			buildActionMask = 2147483647;
			files = (
			);
			runOnlyForDeploymentPostprocessing = 0;
		};
/* End PBXResourcesBuildPhase section */

/* Begin PBXSourcesBuildPhase section */
		F954D2831B12DD0100362DBE /* Sources */ = {
			isa = PBXSourcesBuildPhase;
			buildActionMask = 2147483647;
			files = (
				F954D2921B12DD0100362DBE /* ViewController.swift in Sources */,
				F954D2901B12DD0100362DBE /* htmlParseTest.xcdatamodeld in Sources */,
				F954D28D1B12DD0100362DBE /* AppDelegate.swift in Sources */,
			);
			runOnlyForDeploymentPostprocessing = 0;
		};
		F954D29B1B12DD0100362DBE /* Sources */ = {
			isa = PBXSourcesBuildPhase;
			buildActionMask = 2147483647;
			files = (
				F954D2A61B12DD0100362DBE /* htmlParseTestTests.swift in Sources */,
			);
			runOnlyForDeploymentPostprocessing = 0;
		};
/* End PBXSourcesBuildPhase section */

/* Begin PBXTargetDependency section */
		F954D2A11B12DD0100362DBE /* PBXTargetDependency */ = {
			isa = PBXTargetDependency;
			target = F954D2861B12DD0100362DBE /* htmlParseTest */;
			targetProxy = F954D2A01B12DD0100362DBE /* PBXContainerItemProxy */;
		};
/* End PBXTargetDependency section */

/* Begin PBXVariantGroup section */
		F954D2931B12DD0100362DBE /* Main.storyboard */ = {
			isa = PBXVariantGroup;
			children = (
				F954D2941B12DD0100362DBE /* Base */,
			);
			name = Main.storyboard;
			sourceTree = "<group>";
		};
		F954D2981B12DD0100362DBE /* LaunchScreen.xib */ = {
			isa = PBXVariantGroup;
			children = (
				F954D2991B12DD0100362DBE /* Base */,
			);
			name = LaunchScreen.xib;
			sourceTree = "<group>";
		};
/* End PBXVariantGroup section */

/* Begin XCBuildConfiguration section */
		F954D2A71B12DD0100362DBE /* Debug */ = {
			isa = XCBuildConfiguration;
			buildSettings = {
				ALWAYS_SEARCH_USER_PATHS = NO;
				CLANG_CXX_LANGUAGE_STANDARD = "gnu++0x";
				CLANG_CXX_LIBRARY = "libc++";
				CLANG_ENABLE_MODULES = YES;
				CLANG_ENABLE_OBJC_ARC = YES;
				CLANG_WARN_BOOL_CONVERSION = YES;
				CLANG_WARN_CONSTANT_CONVERSION = YES;
				CLANG_WARN_DIRECT_OBJC_ISA_USAGE = YES_ERROR;
				CLANG_WARN_EMPTY_BODY = YES;
				CLANG_WARN_ENUM_CONVERSION = YES;
				CLANG_WARN_INT_CONVERSION = YES;
				CLANG_WARN_OBJC_ROOT_CLASS = YES_ERROR;
				CLANG_WARN_UNREACHABLE_CODE = YES;
				CLANG_WARN__DUPLICATE_METHOD_MATCH = YES;
				"CODE_SIGN_IDENTITY[sdk=iphoneos*]" = "iPhone Developer";
				COPY_PHASE_STRIP = NO;
				DEBUG_INFORMATION_FORMAT = "dwarf-with-dsym";
				ENABLE_STRICT_OBJC_MSGSEND = YES;
				GCC_C_LANGUAGE_STANDARD = gnu99;
				GCC_DYNAMIC_NO_PIC = NO;
				GCC_NO_COMMON_BLOCKS = YES;
				GCC_OPTIMIZATION_LEVEL = 0;
				GCC_PREPROCESSOR_DEFINITIONS = (
					"DEBUG=1",
					"$(inherited)",
				);
				GCC_SYMBOLS_PRIVATE_EXTERN = NO;
				GCC_WARN_64_TO_32_BIT_CONVERSION = YES;
				GCC_WARN_ABOUT_RETURN_TYPE = YES_ERROR;
				GCC_WARN_UNDECLARED_SELECTOR = YES;
				GCC_WARN_UNINITIALIZED_AUTOS = YES_AGGRESSIVE;
				GCC_WARN_UNUSED_FUNCTION = YES;
				GCC_WARN_UNUSED_VARIABLE = YES;
				IPHONEOS_DEPLOYMENT_TARGET = 8.3;
				MTL_ENABLE_DEBUG_INFO = YES;
				ONLY_ACTIVE_ARCH = YES;
				SDKROOT = iphoneos;
				SWIFT_OPTIMIZATION_LEVEL = "-Onone";
			};
			name = Debug;
		};
		F954D2A81B12DD0100362DBE /* Release */ = {
			isa = XCBuildConfiguration;
			buildSettings = {
				ALWAYS_SEARCH_USER_PATHS = NO;
				CLANG_CXX_LANGUAGE_STANDARD = "gnu++0x";
				CLANG_CXX_LIBRARY = "libc++";
				CLANG_ENABLE_MODULES = YES;
				CLANG_ENABLE_OBJC_ARC = YES;
				CLANG_WARN_BOOL_CONVERSION = YES;
				CLANG_WARN_CONSTANT_CONVERSION = YES;
				CLANG_WARN_DIRECT_OBJC_ISA_USAGE = YES_ERROR;
				CLANG_WARN_EMPTY_BODY = YES;
				CLANG_WARN_ENUM_CONVERSION = YES;
				CLANG_WARN_INT_CONVERSION = YES;
				CLANG_WARN_OBJC_ROOT_CLASS = YES_ERROR;
				CLANG_WARN_UNREACHABLE_CODE = YES;
				CLANG_WARN__DUPLICATE_METHOD_MATCH = YES;
				"CODE_SIGN_IDENTITY[sdk=iphoneos*]" = "iPhone Developer";
				COPY_PHASE_STRIP = NO;
				DEBUG_INFORMATION_FORMAT = "dwarf-with-dsym";
				ENABLE_NS_ASSERTIONS = NO;
				ENABLE_STRICT_OBJC_MSGSEND = YES;
				GCC_C_LANGUAGE_STANDARD = gnu99;
				GCC_NO_COMMON_BLOCKS = YES;
				GCC_WARN_64_TO_32_BIT_CONVERSION = YES;
				GCC_WARN_ABOUT_RETURN_TYPE = YES_ERROR;
				GCC_WARN_UNDECLARED_SELECTOR = YES;
				GCC_WARN_UNINITIALIZED_AUTOS = YES_AGGRESSIVE;
				GCC_WARN_UNUSED_FUNCTION = YES;
				GCC_WARN_UNUSED_VARIABLE = YES;
				IPHONEOS_DEPLOYMENT_TARGET = 8.3;
				MTL_ENABLE_DEBUG_INFO = NO;
				SDKROOT = iphoneos;
				VALIDATE_PRODUCT = YES;
			};
			name = Release;
		};
		F954D2AA1B12DD0100362DBE /* Debug */ = {
			isa = XCBuildConfiguration;
			buildSettings = {
				ASSETCATALOG_COMPILER_APPICON_NAME = AppIcon;
				INFOPLIST_FILE = htmlParseTest/Info.plist;
				LD_RUNPATH_SEARCH_PATHS = "$(inherited) @executable_path/Frameworks";
				PRODUCT_NAME = "$(TARGET_NAME)";
			};
			name = Debug;
		};
		F954D2AB1B12DD0100362DBE /* Release */ = {
			isa = XCBuildConfiguration;
			buildSettings = {
				ASSETCATALOG_COMPILER_APPICON_NAME = AppIcon;
				INFOPLIST_FILE = htmlParseTest/Info.plist;
				LD_RUNPATH_SEARCH_PATHS = "$(inherited) @executable_path/Frameworks";
				PRODUCT_NAME = "$(TARGET_NAME)";
			};
			name = Release;
		};
		F954D2AD1B12DD0100362DBE /* Debug */ = {
			isa = XCBuildConfiguration;
			buildSettings = {
				BUNDLE_LOADER = "$(TEST_HOST)";
				FRAMEWORK_SEARCH_PATHS = (
					"$(SDKROOT)/Developer/Library/Frameworks",
					"$(inherited)",
				);
				GCC_PREPROCESSOR_DEFINITIONS = (
					"DEBUG=1",
					"$(inherited)",
				);
				INFOPLIST_FILE = htmlParseTestTests/Info.plist;
				LD_RUNPATH_SEARCH_PATHS = "$(inherited) @executable_path/Frameworks @loader_path/Frameworks";
				PRODUCT_NAME = "$(TARGET_NAME)";
				TEST_HOST = "$(BUILT_PRODUCTS_DIR)/htmlParseTest.app/htmlParseTest";
			};
			name = Debug;
		};
		F954D2AE1B12DD0100362DBE /* Release */ = {
			isa = XCBuildConfiguration;
			buildSettings = {
				BUNDLE_LOADER = "$(TEST_HOST)";
				FRAMEWORK_SEARCH_PATHS = (
					"$(SDKROOT)/Developer/Library/Frameworks",
					"$(inherited)",
				);
				INFOPLIST_FILE = htmlParseTestTests/Info.plist;
				LD_RUNPATH_SEARCH_PATHS = "$(inherited) @executable_path/Frameworks @loader_path/Frameworks";
				PRODUCT_NAME = "$(TARGET_NAME)";
				TEST_HOST = "$(BUILT_PRODUCTS_DIR)/htmlParseTest.app/htmlParseTest";
			};
			name = Release;
		};
/* End XCBuildConfiguration section */

/* Begin XCConfigurationList section */
		F954D2821B12DD0100362DBE /* Build configuration list for PBXProject "htmlParseTest" */ = {
			isa = XCConfigurationList;
			buildConfigurations = (
				F954D2A71B12DD0100362DBE /* Debug */,
				F954D2A81B12DD0100362DBE /* Release */,
			);
			defaultConfigurationIsVisible = 0;
			defaultConfigurationName = Release;
		};
		F954D2A91B12DD0100362DBE /* Build configuration list for PBXNativeTarget "htmlParseTest" */ = {
			isa = XCConfigurationList;
			buildConfigurations = (
				F954D2AA1B12DD0100362DBE /* Debug */,
				F954D2AB1B12DD0100362DBE /* Release */,
			);
			defaultConfigurationIsVisible = 0;
		};
		F954D2AC1B12DD0100362DBE /* Build configuration list for PBXNativeTarget "htmlParseTestTests" */ = {
			isa = XCConfigurationList;
			buildConfigurations = (
				F954D2AD1B12DD0100362DBE /* Debug */,
				F954D2AE1B12DD0100362DBE /* Release */,
			);
			defaultConfigurationIsVisible = 0;
		};
/* End XCConfigurationList section */

/* Begin XCVersionGroup section */
		F954D28E1B12DD0100362DBE /* htmlParseTest.xcdatamodeld */ = {
			isa = XCVersionGroup;
			children = (
				F954D28F1B12DD0100362DBE /* htmlParseTest.xcdatamodel */,
			);
			currentVersion = F954D28F1B12DD0100362DBE /* htmlParseTest.xcdatamodel */;
			path = htmlParseTest.xcdatamodeld;
			sourceTree = "<group>";
			versionGroupType = wrapper.xcdatamodel;
		};
/* End XCVersionGroup section */
	};
	rootObject = F954D27F1B12DD0100362DBE /* Project object */;
}
