// !$*UTF8*$!
{
	archiveVersion = 1;
	classes = {
	};
	objectVersion = 46;
	objects = {

/* Begin PBXBuildFile section */
		25BA3D04F67905AED73BB8CE /* Pods.framework in Frameworks */ = {isa = PBXBuildFile; fileRef = BB217367AC8B558FD10B18FA /* Pods.framework */; settings = {ATTRIBUTES = (Weak, ); }; };
		F967C9621B425828003641AB /* AppDelegate.swift in Sources */ = {isa = PBXBuildFile; fileRef = F967C9611B425828003641AB /* AppDelegate.swift */; };
		F967C9651B425828003641AB /* TestTotal.xcdatamodeld in Sources */ = {isa = PBXBuildFile; fileRef = F967C9631B425828003641AB /* TestTotal.xcdatamodeld */; };
		F967C9671B425828003641AB /* ViewController.swift in Sources */ = {isa = PBXBuildFile; fileRef = F967C9661B425828003641AB /* ViewController.swift */; };
		F967C96A1B425828003641AB /* Main.storyboard in Resources */ = {isa = PBXBuildFile; fileRef = F967C9681B425828003641AB /* Main.storyboard */; };
		F967C96C1B425828003641AB /* Images.xcassets in Resources */ = {isa = PBXBuildFile; fileRef = F967C96B1B425828003641AB /* Images.xcassets */; };
		F967C96F1B425828003641AB /* LaunchScreen.xib in Resources */ = {isa = PBXBuildFile; fileRef = F967C96D1B425828003641AB /* LaunchScreen.xib */; };
		F967C97B1B425828003641AB /* TestTotalTests.swift in Sources */ = {isa = PBXBuildFile; fileRef = F967C97A1B425828003641AB /* TestTotalTests.swift */; };
/* End PBXBuildFile section */

/* Begin PBXContainerItemProxy section */
		F967C9751B425828003641AB /* PBXContainerItemProxy */ = {
			isa = PBXContainerItemProxy;
			containerPortal = F967C9541B425828003641AB /* Project object */;
			proxyType = 1;
			remoteGlobalIDString = F967C95B1B425828003641AB;
			remoteInfo = TestTotal;
		};
/* End PBXContainerItemProxy section */

/* Begin PBXFileReference section */
		A62C557C152FCB3CDE572D0A /* Pods.release.xcconfig */ = {isa = PBXFileReference; includeInIndex = 1; lastKnownFileType = text.xcconfig; name = Pods.release.xcconfig; path = "Pods/Target Support Files/Pods/Pods.release.xcconfig"; sourceTree = "<group>"; };
		BB217367AC8B558FD10B18FA /* Pods.framework */ = {isa = PBXFileReference; explicitFileType = wrapper.framework; includeInIndex = 0; path = Pods.framework; sourceTree = BUILT_PRODUCTS_DIR; };
		ECF02E009C5143A5E426348B /* Pods.debug.xcconfig */ = {isa = PBXFileReference; includeInIndex = 1; lastKnownFileType = text.xcconfig; name = Pods.debug.xcconfig; path = "Pods/Target Support Files/Pods/Pods.debug.xcconfig"; sourceTree = "<group>"; };
		F967C95C1B425828003641AB /* erGe.app */ = {isa = PBXFileReference; explicitFileType = wrapper.application; includeInIndex = 0; path = erGe.app; sourceTree = BUILT_PRODUCTS_DIR; };
		F967C9601B425828003641AB /* Info.plist */ = {isa = PBXFileReference; lastKnownFileType = text.plist.xml; path = Info.plist; sourceTree = "<group>"; };
		F967C9611B425828003641AB /* AppDelegate.swift */ = {isa = PBXFileReference; lastKnownFileType = sourcecode.swift; path = AppDelegate.swift; sourceTree = "<group>"; };
		F967C9641B425828003641AB /* TestTotal.xcdatamodel */ = {isa = PBXFileReference; lastKnownFileType = wrapper.xcdatamodel; path = TestTotal.xcdatamodel; sourceTree = "<group>"; };
		F967C9661B425828003641AB /* ViewController.swift */ = {isa = PBXFileReference; lastKnownFileType = sourcecode.swift; path = ViewController.swift; sourceTree = "<group>"; };
		F967C9691B425828003641AB /* Base */ = {isa = PBXFileReference; lastKnownFileType = file.storyboard; name = Base; path = Base.lproj/Main.storyboard; sourceTree = "<group>"; };
		F967C96B1B425828003641AB /* Images.xcassets */ = {isa = PBXFileReference; lastKnownFileType = folder.assetcatalog; path = Images.xcassets; sourceTree = "<group>"; };
		F967C96E1B425828003641AB /* Base */ = {isa = PBXFileReference; lastKnownFileType = file.xib; name = Base; path = Base.lproj/LaunchScreen.xib; sourceTree = "<group>"; };
		F967C9741B425828003641AB /* erGeTests.xctest */ = {isa = PBXFileReference; explicitFileType = wrapper.cfbundle; includeInIndex = 0; path = erGeTests.xctest; sourceTree = BUILT_PRODUCTS_DIR; };
		F967C9791B425828003641AB /* Info.plist */ = {isa = PBXFileReference; lastKnownFileType = text.plist.xml; path = Info.plist; sourceTree = "<group>"; };
		F967C97A1B425828003641AB /* TestTotalTests.swift */ = {isa = PBXFileReference; lastKnownFileType = sourcecode.swift; path = TestTotalTests.swift; sourceTree = "<group>"; };
/* End PBXFileReference section */

/* Begin PBXFrameworksBuildPhase section */
		F967C9591B425828003641AB /* Frameworks */ = {
			isa = PBXFrameworksBuildPhase;
			buildActionMask = 2147483647;
			files = (
				25BA3D04F67905AED73BB8CE /* Pods.framework in Frameworks */,
			);
			runOnlyForDeploymentPostprocessing = 0;
		};
		F967C9711B425828003641AB /* Frameworks */ = {
			isa = PBXFrameworksBuildPhase;
			buildActionMask = 2147483647;
			files = (
			);
			runOnlyForDeploymentPostprocessing = 0;
		};
/* End PBXFrameworksBuildPhase section */

/* Begin PBXGroup section */
		392ED155564ADDADC9DD590E /* Pods */ = {
			isa = PBXGroup;
			children = (
				ECF02E009C5143A5E426348B /* Pods.debug.xcconfig */,
				A62C557C152FCB3CDE572D0A /* Pods.release.xcconfig */,
			);
			name = Pods;
			sourceTree = "<group>";
		};
		7B91C3F9DE4699C55F7F9C7F /* Frameworks */ = {
			isa = PBXGroup;
			children = (
				BB217367AC8B558FD10B18FA /* Pods.framework */,
			);
			name = Frameworks;
			sourceTree = "<group>";
		};
		F967C9531B425828003641AB = {
			isa = PBXGroup;
			children = (
				F967C95E1B425828003641AB /* TestTotal */,
				F967C9771B425828003641AB /* TestTotalTests */,
				F967C95D1B425828003641AB /* Products */,
				392ED155564ADDADC9DD590E /* Pods */,
				7B91C3F9DE4699C55F7F9C7F /* Frameworks */,
			);
			sourceTree = "<group>";
		};
		F967C95D1B425828003641AB /* Products */ = {
			isa = PBXGroup;
			children = (
				F967C95C1B425828003641AB /* erGe.app */,
				F967C9741B425828003641AB /* erGeTests.xctest */,
			);
			name = Products;
			sourceTree = "<group>";
		};
		F967C95E1B425828003641AB /* TestTotal */ = {
			isa = PBXGroup;
			children = (
				F967C9611B425828003641AB /* AppDelegate.swift */,
				F967C9661B425828003641AB /* ViewController.swift */,
				F967C9681B425828003641AB /* Main.storyboard */,
				F967C96B1B425828003641AB /* Images.xcassets */,
				F967C96D1B425828003641AB /* LaunchScreen.xib */,
				F967C9631B425828003641AB /* TestTotal.xcdatamodeld */,
				F967C95F1B425828003641AB /* Supporting Files */,
			);
			path = TestTotal;
			sourceTree = "<group>";
		};
		F967C95F1B425828003641AB /* Supporting Files */ = {
			isa = PBXGroup;
			children = (
				F967C9601B425828003641AB /* Info.plist */,
			);
			name = "Supporting Files";
			sourceTree = "<group>";
		};
		F967C9771B425828003641AB /* TestTotalTests */ = {
			isa = PBXGroup;
			children = (
				F967C97A1B425828003641AB /* TestTotalTests.swift */,
				F967C9781B425828003641AB /* Supporting Files */,
			);
			path = TestTotalTests;
			sourceTree = "<group>";
		};
		F967C9781B425828003641AB /* Supporting Files */ = {
			isa = PBXGroup;
			children = (
				F967C9791B425828003641AB /* Info.plist */,
			);
			name = "Supporting Files";
			sourceTree = "<group>";
		};
/* End PBXGroup section */

/* Begin PBXNativeTarget section */
		F967C95B1B425828003641AB /* erGe */ = {
			isa = PBXNativeTarget;
			buildConfigurationList = F967C97E1B425828003641AB /* Build configuration list for PBXNativeTarget "erGe" */;
			buildPhases = (
				2BA21D6739BBAEDB83B7B7D8 /* Check Pods Manifest.lock */,
				F967C9581B425828003641AB /* Sources */,
				F967C9591B425828003641AB /* Frameworks */,
				F967C95A1B425828003641AB /* Resources */,
				896898FC9FF36521FFC474F3 /* Embed Pods Frameworks */,
				846495A398BFFAEB28256F9E /* Copy Pods Resources */,
			);
			buildRules = (
			);
			dependencies = (
			);
			name = erGe;
			productName = TestTotal;
			productReference = F967C95C1B425828003641AB /* erGe.app */;
			productType = "com.apple.product-type.application";
		};
		F967C9731B425828003641AB /* erGeTests */ = {
			isa = PBXNativeTarget;
			buildConfigurationList = F967C9811B425828003641AB /* Build configuration list for PBXNativeTarget "erGeTests" */;
			buildPhases = (
				F967C9701B425828003641AB /* Sources */,
				F967C9711B425828003641AB /* Frameworks */,
				F967C9721B425828003641AB /* Resources */,
			);
			buildRules = (
			);
			dependencies = (
				F967C9761B425828003641AB /* PBXTargetDependency */,
			);
			name = erGeTests;
			productName = TestTotalTests;
			productReference = F967C9741B425828003641AB /* erGeTests.xctest */;
			productType = "com.apple.product-type.bundle.unit-test";
		};
/* End PBXNativeTarget section */

/* Begin PBXProject section */
		F967C9541B425828003641AB /* Project object */ = {
			isa = PBXProject;
			attributes = {
				LastUpgradeCheck = 0630;
				ORGANIZATIONNAME = andyhu;
				TargetAttributes = {
					F967C95B1B425828003641AB = {
						CreatedOnToolsVersion = 6.3.1;
					};
					F967C9731B425828003641AB = {
						CreatedOnToolsVersion = 6.3.1;
						TestTargetID = F967C95B1B425828003641AB;
					};
				};
			};
			buildConfigurationList = F967C9571B425828003641AB /* Build configuration list for PBXProject "erGe" */;
			compatibilityVersion = "Xcode 3.2";
			developmentRegion = English;
			hasScannedForEncodings = 0;
			knownRegions = (
				en,
				Base,
			);
			mainGroup = F967C9531B425828003641AB;
			productRefGroup = F967C95D1B425828003641AB /* Products */;
			projectDirPath = "";
			projectRoot = "";
			targets = (
				F967C95B1B425828003641AB /* erGe */,
				F967C9731B425828003641AB /* erGeTests */,
			);
		};
/* End PBXProject section */

/* Begin PBXResourcesBuildPhase section */
		F967C95A1B425828003641AB /* Resources */ = {
			isa = PBXResourcesBuildPhase;
			buildActionMask = 2147483647;
			files = (
				F967C96A1B425828003641AB /* Main.storyboard in Resources */,
				F967C96F1B425828003641AB /* LaunchScreen.xib in Resources */,
				F967C96C1B425828003641AB /* Images.xcassets in Resources */,
			);
			runOnlyForDeploymentPostprocessing = 0;
		};
		F967C9721B425828003641AB /* Resources */ = {
			isa = PBXResourcesBuildPhase;
			buildActionMask = 2147483647;
			files = (
			);
			runOnlyForDeploymentPostprocessing = 0;
		};
/* End PBXResourcesBuildPhase section */

/* Begin PBXShellScriptBuildPhase section */
		2BA21D6739BBAEDB83B7B7D8 /* Check Pods Manifest.lock */ = {
			isa = PBXShellScriptBuildPhase;
			buildActionMask = 2147483647;
			files = (
			);
			inputPaths = (
			);
			name = "Check Pods Manifest.lock";
			outputPaths = (
			);
			runOnlyForDeploymentPostprocessing = 0;
			shellPath = /bin/sh;
			shellScript = "diff \"${PODS_ROOT}/../Podfile.lock\" \"${PODS_ROOT}/Manifest.lock\" > /dev/null\nif [[ $? != 0 ]] ; then\n    cat << EOM\nerror: The sandbox is not in sync with the Podfile.lock. Run 'pod install' or update your CocoaPods installation.\nEOM\n    exit 1\nfi\n";
			showEnvVarsInLog = 0;
		};
		846495A398BFFAEB28256F9E /* Copy Pods Resources */ = {
			isa = PBXShellScriptBuildPhase;
			buildActionMask = 2147483647;
			files = (
			);
			inputPaths = (
			);
			name = "Copy Pods Resources";
			outputPaths = (
			);
			runOnlyForDeploymentPostprocessing = 0;
			shellPath = /bin/sh;
			shellScript = "\"${SRCROOT}/Pods/Target Support Files/Pods/Pods-resources.sh\"\n";
			showEnvVarsInLog = 0;
		};
		896898FC9FF36521FFC474F3 /* Embed Pods Frameworks */ = {
			isa = PBXShellScriptBuildPhase;
			buildActionMask = 2147483647;
			files = (
			);
			inputPaths = (
			);
			name = "Embed Pods Frameworks";
			outputPaths = (
			);
			runOnlyForDeploymentPostprocessing = 0;
			shellPath = /bin/sh;
			shellScript = "\"${SRCROOT}/Pods/Target Support Files/Pods/Pods-frameworks.sh\"\n";
			showEnvVarsInLog = 0;
		};
/* End PBXShellScriptBuildPhase section */

/* Begin PBXSourcesBuildPhase section */
		F967C9581B425828003641AB /* Sources */ = {
			isa = PBXSourcesBuildPhase;
			buildActionMask = 2147483647;
			files = (
				F967C9671B425828003641AB /* ViewController.swift in Sources */,
				F967C9651B425828003641AB /* TestTotal.xcdatamodeld in Sources */,
				F967C9621B425828003641AB /* AppDelegate.swift in Sources */,
			);
			runOnlyForDeploymentPostprocessing = 0;
		};
		F967C9701B425828003641AB /* Sources */ = {
			isa = PBXSourcesBuildPhase;
			buildActionMask = 2147483647;
			files = (
				F967C97B1B425828003641AB /* TestTotalTests.swift in Sources */,
			);
			runOnlyForDeploymentPostprocessing = 0;
		};
/* End PBXSourcesBuildPhase section */

/* Begin PBXTargetDependency section */
		F967C9761B425828003641AB /* PBXTargetDependency */ = {
			isa = PBXTargetDependency;
			target = F967C95B1B425828003641AB /* erGe */;
			targetProxy = F967C9751B425828003641AB /* PBXContainerItemProxy */;
		};
/* End PBXTargetDependency section */

/* Begin PBXVariantGroup section */
		F967C9681B425828003641AB /* Main.storyboard */ = {
			isa = PBXVariantGroup;
			children = (
				F967C9691B425828003641AB /* Base */,
			);
			name = Main.storyboard;
			sourceTree = "<group>";
		};
		F967C96D1B425828003641AB /* LaunchScreen.xib */ = {
			isa = PBXVariantGroup;
			children = (
				F967C96E1B425828003641AB /* Base */,
			);
			name = LaunchScreen.xib;
			sourceTree = "<group>";
		};
/* End PBXVariantGroup section */

/* Begin XCBuildConfiguration section */
		F967C97C1B425828003641AB /* Debug */ = {
			isa = XCBuildConfiguration;
			buildSettings = {
				ALWAYS_SEARCH_USER_PATHS = NO;
				CLANG_CXX_LANGUAGE_STANDARD = "gnu++0x";
				CLANG_CXX_LIBRARY = "libc++";
				CLANG_ENABLE_MODULES = YES;
				CLANG_ENABLE_OBJC_ARC = YES;
				CLANG_WARN_BOOL_CONVERSION = YES;
				CLANG_WARN_CONSTANT_CONVERSION = YES;
				CLANG_WARN_DIRECT_OBJC_ISA_USAGE = YES_ERROR;
				CLANG_WARN_EMPTY_BODY = YES;
				CLANG_WARN_ENUM_CONVERSION = YES;
				CLANG_WARN_INT_CONVERSION = YES;
				CLANG_WARN_OBJC_ROOT_CLASS = YES_ERROR;
				CLANG_WARN_UNREACHABLE_CODE = YES;
				CLANG_WARN__DUPLICATE_METHOD_MATCH = YES;
				"CODE_SIGN_IDENTITY[sdk=iphoneos*]" = "iPhone Developer";
				COPY_PHASE_STRIP = NO;
				DEBUG_INFORMATION_FORMAT = "dwarf-with-dsym";
				ENABLE_STRICT_OBJC_MSGSEND = YES;
				GCC_C_LANGUAGE_STANDARD = gnu99;
				GCC_DYNAMIC_NO_PIC = NO;
				GCC_NO_COMMON_BLOCKS = YES;
				GCC_OPTIMIZATION_LEVEL = 0;
				GCC_PREPROCESSOR_DEFINITIONS = (
					"DEBUG=1",
					"$(inherited)",
				);
				GCC_SYMBOLS_PRIVATE_EXTERN = NO;
				GCC_WARN_64_TO_32_BIT_CONVERSION = YES;
				GCC_WARN_ABOUT_RETURN_TYPE = YES_ERROR;
				GCC_WARN_UNDECLARED_SELECTOR = YES;
				GCC_WARN_UNINITIALIZED_AUTOS = YES_AGGRESSIVE;
				GCC_WARN_UNUSED_FUNCTION = YES;
				GCC_WARN_UNUSED_VARIABLE = YES;
				IPHONEOS_DEPLOYMENT_TARGET = 8.3;
				MTL_ENABLE_DEBUG_INFO = YES;
				ONLY_ACTIVE_ARCH = YES;
				SDKROOT = iphoneos;
				SWIFT_OPTIMIZATION_LEVEL = "-Onone";
			};
			name = Debug;
		};
		F967C97D1B425828003641AB /* Release */ = {
			isa = XCBuildConfiguration;
			buildSettings = {
				ALWAYS_SEARCH_USER_PATHS = NO;
				CLANG_CXX_LANGUAGE_STANDARD = "gnu++0x";
				CLANG_CXX_LIBRARY = "libc++";
				CLANG_ENABLE_MODULES = YES;
				CLANG_ENABLE_OBJC_ARC = YES;
				CLANG_WARN_BOOL_CONVERSION = YES;
				CLANG_WARN_CONSTANT_CONVERSION = YES;
				CLANG_WARN_DIRECT_OBJC_ISA_USAGE = YES_ERROR;
				CLANG_WARN_EMPTY_BODY = YES;
				CLANG_WARN_ENUM_CONVERSION = YES;
				CLANG_WARN_INT_CONVERSION = YES;
				CLANG_WARN_OBJC_ROOT_CLASS = YES_ERROR;
				CLANG_WARN_UNREACHABLE_CODE = YES;
				CLANG_WARN__DUPLICATE_METHOD_MATCH = YES;
				"CODE_SIGN_IDENTITY[sdk=iphoneos*]" = "iPhone Developer";
				COPY_PHASE_STRIP = NO;
				DEBUG_INFORMATION_FORMAT = "dwarf-with-dsym";
				ENABLE_NS_ASSERTIONS = NO;
				ENABLE_STRICT_OBJC_MSGSEND = YES;
				GCC_C_LANGUAGE_STANDARD = gnu99;
				GCC_NO_COMMON_BLOCKS = YES;
				GCC_WARN_64_TO_32_BIT_CONVERSION = YES;
				GCC_WARN_ABOUT_RETURN_TYPE = YES_ERROR;
				GCC_WARN_UNDECLARED_SELECTOR = YES;
				GCC_WARN_UNINITIALIZED_AUTOS = YES_AGGRESSIVE;
				GCC_WARN_UNUSED_FUNCTION = YES;
				GCC_WARN_UNUSED_VARIABLE = YES;
				IPHONEOS_DEPLOYMENT_TARGET = 8.3;
				MTL_ENABLE_DEBUG_INFO = NO;
				SDKROOT = iphoneos;
				VALIDATE_PRODUCT = YES;
			};
			name = Release;
		};
		F967C97F1B425828003641AB /* Debug */ = {
			isa = XCBuildConfiguration;
			baseConfigurationReference = ECF02E009C5143A5E426348B /* Pods.debug.xcconfig */;
			buildSettings = {
				ASSETCATALOG_COMPILER_APPICON_NAME = AppIcon;
				INFOPLIST_FILE = TestTotal/Info.plist;
				LD_RUNPATH_SEARCH_PATHS = "$(inherited) @executable_path/Frameworks";
				PRODUCT_NAME = erGe;
			};
			name = Debug;
		};
		F967C9801B425828003641AB /* Release */ = {
			isa = XCBuildConfiguration;
			baseConfigurationReference = A62C557C152FCB3CDE572D0A /* Pods.release.xcconfig */;
			buildSettings = {
				ASSETCATALOG_COMPILER_APPICON_NAME = AppIcon;
				INFOPLIST_FILE = TestTotal/Info.plist;
				LD_RUNPATH_SEARCH_PATHS = "$(inherited) @executable_path/Frameworks";
				PRODUCT_NAME = erGe;
			};
			name = Release;
		};
		F967C9821B425828003641AB /* Debug */ = {
			isa = XCBuildConfiguration;
			buildSettings = {
				BUNDLE_LOADER = "$(TEST_HOST)";
				FRAMEWORK_SEARCH_PATHS = (
					"$(SDKROOT)/Developer/Library/Frameworks",
					"$(inherited)",
				);
				GCC_PREPROCESSOR_DEFINITIONS = (
					"DEBUG=1",
					"$(inherited)",
				);
				INFOPLIST_FILE = TestTotalTests/Info.plist;
				LD_RUNPATH_SEARCH_PATHS = "$(inherited) @executable_path/Frameworks @loader_path/Frameworks";
				PRODUCT_NAME = erGeTests;
				TEST_HOST = "$(BUILT_PRODUCTS_DIR)/TestTotal.app/TestTotal";
			};
			name = Debug;
		};
		F967C9831B425828003641AB /* Release */ = {
			isa = XCBuildConfiguration;
			buildSettings = {
				BUNDLE_LOADER = "$(TEST_HOST)";
				FRAMEWORK_SEARCH_PATHS = (
					"$(SDKROOT)/Developer/Library/Frameworks",
					"$(inherited)",
				);
				INFOPLIST_FILE = TestTotalTests/Info.plist;
				LD_RUNPATH_SEARCH_PATHS = "$(inherited) @executable_path/Frameworks @loader_path/Frameworks";
				PRODUCT_NAME = erGeTests;
				TEST_HOST = "$(BUILT_PRODUCTS_DIR)/TestTotal.app/TestTotal";
			};
			name = Release;
		};
/* End XCBuildConfiguration section */

/* Begin XCConfigurationList section */
		F967C9571B425828003641AB /* Build configuration list for PBXProject "erGe" */ = {
			isa = XCConfigurationList;
			buildConfigurations = (
				F967C97C1B425828003641AB /* Debug */,
				F967C97D1B425828003641AB /* Release */,
			);
			defaultConfigurationIsVisible = 0;
			defaultConfigurationName = Release;
		};
		F967C97E1B425828003641AB /* Build configuration list for PBXNativeTarget "erGe" */ = {
			isa = XCConfigurationList;
			buildConfigurations = (
				F967C97F1B425828003641AB /* Debug */,
				F967C9801B425828003641AB /* Release */,
			);
			defaultConfigurationIsVisible = 0;
			defaultConfigurationName = Release;
		};
		F967C9811B425828003641AB /* Build configuration list for PBXNativeTarget "erGeTests" */ = {
			isa = XCConfigurationList;
			buildConfigurations = (
				F967C9821B425828003641AB /* Debug */,
				F967C9831B425828003641AB /* Release */,
			);
			defaultConfigurationIsVisible = 0;
			defaultConfigurationName = Release;
		};
/* End XCConfigurationList section */

/* Begin XCVersionGroup section */
		F967C9631B425828003641AB /* TestTotal.xcdatamodeld */ = {
			isa = XCVersionGroup;
			children = (
				F967C9641B425828003641AB /* TestTotal.xcdatamodel */,
			);
			currentVersion = F967C9641B425828003641AB /* TestTotal.xcdatamodel */;
			path = TestTotal.xcdatamodeld;
			sourceTree = "<group>";
			versionGroupType = wrapper.xcdatamodel;
		};
/* End XCVersionGroup section */
	};
	rootObject = F967C9541B425828003641AB /* Project object */;
}
